<?xml version="1.0" encoding="utf-8"?>
<Project ToolsVersion="4.0" xmlns="http://schemas.microsoft.com/developer/msbuild/2003">
  <ItemGroup>
    <Filter Include="Source Files">
      <UniqueIdentifier>{4FC737F1-C7A5-4376-A066-2A32D752A2FF}</UniqueIdentifier>
      <Extensions>cpp;c;cc;cxx;c++;cppm;ixx;def;odl;idl;hpj;bat;asm;asmx</Extensions>
    </Filter>
    <Filter Include="Header Files">
      <UniqueIdentifier>{93995380-89BD-4b04-88EB-625FBE52EBFB}</UniqueIdentifier>
      <Extensions>h;hh;hpp;hxx;h++;hm;inl;inc;ipp;xsd</Extensions>
    </Filter>
    <Filter Include="Resource Files">
      <UniqueIdentifier>{67DA6AB6-F800-4c08-8B7A-83BB121AAD01}</UniqueIdentifier>
      <Extensions>rc;ico;cur;bmp;dlg;rc2;rct;bin;rgs;gif;jpg;jpeg;jpe;resx;tiff;tif;png;wav;mfcribbon-ms</Extensions>
    </Filter>
  </ItemGroup>
  <ItemGroup>
    <ClCompile Include="main.cpp">
      <Filter>Source Files</Filter>
    </ClCompile>
    <ClCompile Include="skengio\utils\geometries\sphere.cpp">
      <Filter>Source Files</Filter>
    </ClCompile>
    <ClCompile Include="skengio\utils\shaderProgram.cpp">
      <Filter>Source Files</Filter>
    </ClCompile>
    <ClCompile Include="skengio\utils\texture.cpp">
      <Filter>Source Files</Filter>
    </ClCompile>
    <ClCompile Include="skengio\application.cpp">
      <Filter>Source Files</Filter>
    </ClCompile>
    <ClCompile Include="skengio\camera.cpp">
      <Filter>Source Files</Filter>
    </ClCompile>
    <ClCompile Include="skengio\event.cpp">
      <Filter>Source Files</Filter>
    </ClCompile>
    <ClCompile Include="skengio\GUIManager.cpp">
      <Filter>Source Files</Filter>
    </ClCompile>
    <ClCompile Include="skengio\layer.cpp">
      <Filter>Source Files</Filter>
    </ClCompile>
    <ClCompile Include="skengio\layerstack.cpp">
      <Filter>Source Files</Filter>
    </ClCompile>
    <ClCompile Include="skengio\light.cpp">
      <Filter>Source Files</Filter>
    </ClCompile>
    <ClCompile Include="skengio\logger.cpp">
      <Filter>Source Files</Filter>
    </ClCompile>
    <ClCompile Include="skengio\material.cpp">
      <Filter>Source Files</Filter>
    </ClCompile>
    <ClCompile Include="skengio\renderer.cpp">
      <Filter>Source Files</Filter>
    </ClCompile>
    <ClCompile Include="skengio\scene.cpp">
      <Filter>Source Files</Filter>
    </ClCompile>
    <ClCompile Include="skengio\scenestack.cpp">
      <Filter>Source Files</Filter>
    </ClCompile>
    <ClCompile Include="skengio\window.cpp">
      <Filter>Source Files</Filter>
    </ClCompile>
    <ClCompile Include="skengio\utils\geometries\mesh.cpp">
      <Filter>Source Files</Filter>
    </ClCompile>
    <ClCompile Include="Dependencies\imgui\imgui.cpp">
      <Filter>Source Files</Filter>
    </ClCompile>
    <ClCompile Include="Dependencies\imgui\imgui_draw.cpp">
      <Filter>Source Files</Filter>
    </ClCompile>
    <ClCompile Include="Dependencies\imgui\imgui_impl_glfw.cpp">
      <Filter>Source Files</Filter>
    </ClCompile>
    <ClCompile Include="Dependencies\imgui\imgui_impl_opengl2.cpp">
      <Filter>Source Files</Filter>
    </ClCompile>
    <ClCompile Include="Dependencies\imgui\imgui_impl_opengl3.cpp">
      <Filter>Source Files</Filter>
    </ClCompile>
    <ClCompile Include="Dependencies\imgui\imgui_tables.cpp">
      <Filter>Source Files</Filter>
    </ClCompile>
    <ClCompile Include="Dependencies\imgui\imgui_widgets.cpp">
      <Filter>Source Files</Filter>
    </ClCompile>
    <ClCompile Include="skengio\AudioSource.cpp">
      <Filter>Source Files</Filter>
    </ClCompile>
    <ClCompile Include="skengio\utils\geometries\torus.cpp">
      <Filter>Source Files</Filter>
    </ClCompile>
    <ClCompile Include="skengio\utils\geometries\box.cpp">
      <Filter>Source Files</Filter>
    </ClCompile>
    <ClCompile Include="skengio\utils\geometries\plane.cpp">
      <Filter>Source Files</Filter>
    </ClCompile>
    <ClCompile Include="skengio\utils\textureManager.cpp">
      <Filter>Source Files</Filter>
    </ClCompile>
  </ItemGroup>
  <ItemGroup>
    <ClInclude Include="skengio\utils\geometries\mesh.h">
      <Filter>Header Files</Filter>
    </ClInclude>
    <ClInclude Include="skengio\utils\geometries\sphere.h">
      <Filter>Header Files</Filter>
    </ClInclude>
    <ClInclude Include="skengio\utils\shaderProgram.h">
      <Filter>Header Files</Filter>
    </ClInclude>
    <ClInclude Include="skengio\utils\texture.h">
      <Filter>Header Files</Filter>
    </ClInclude>
    <ClInclude Include="skengio\application.h">
      <Filter>Header Files</Filter>
    </ClInclude>
    <ClInclude Include="skengio\camera.h">
      <Filter>Header Files</Filter>
    </ClInclude>
    <ClInclude Include="skengio\defines.h">
      <Filter>Header Files</Filter>
    </ClInclude>
    <ClInclude Include="skengio\event.h">
      <Filter>Header Files</Filter>
    </ClInclude>
    <ClInclude Include="skengio\GUIManager.h">
      <Filter>Header Files</Filter>
    </ClInclude>
    <ClInclude Include="skengio\layer.h">
      <Filter>Header Files</Filter>
    </ClInclude>
    <ClInclude Include="skengio\layerstack.h">
      <Filter>Header Files</Filter>
    </ClInclude>
    <ClInclude Include="skengio\light.h">
      <Filter>Header Files</Filter>
    </ClInclude>
    <ClInclude Include="skengio\logger.h">
      <Filter>Header Files</Filter>
    </ClInclude>
    <ClInclude Include="skengio\material.h">
      <Filter>Header Files</Filter>
    </ClInclude>
    <ClInclude Include="skengio\renderer.h">
      <Filter>Header Files</Filter>
    </ClInclude>
    <ClInclude Include="skengio\scene.h">
      <Filter>Header Files</Filter>
    </ClInclude>
    <ClInclude Include="skengio\scenestack.h">
      <Filter>Header Files</Filter>
    </ClInclude>
    <ClInclude Include="skengio\window.h">
      <Filter>Header Files</Filter>
    </ClInclude>
    <ClInclude Include="effects\effectLayerONE.h">
      <Filter>Header Files</Filter>
    </ClInclude>
    <ClInclude Include="effects\effectLayerTWO.h">
      <Filter>Header Files</Filter>
    </ClInclude>
    <ClInclude Include="Dependencies\imgui\imconfig.h">
      <Filter>Header Files</Filter>
    </ClInclude>
    <ClInclude Include="Dependencies\imgui\imgui.h">
      <Filter>Header Files</Filter>
    </ClInclude>
    <ClInclude Include="Dependencies\imgui\imgui_impl_glfw.h">
      <Filter>Header Files</Filter>
    </ClInclude>
    <ClInclude Include="Dependencies\imgui\imgui_impl_opengl2.h">
      <Filter>Header Files</Filter>
    </ClInclude>
    <ClInclude Include="Dependencies\imgui\imgui_impl_opengl3.h">
      <Filter>Header Files</Filter>
    </ClInclude>
    <ClInclude Include="Dependencies\imgui\imgui_impl_opengl3_loader.h">
      <Filter>Header Files</Filter>
    </ClInclude>
    <ClInclude Include="Dependencies\imgui\imgui_internal.h">
      <Filter>Header Files</Filter>
    </ClInclude>
    <ClInclude Include="Dependencies\imgui\imstb_rectpack.h">
      <Filter>Header Files</Filter>
    </ClInclude>
    <ClInclude Include="Dependencies\imgui\imstb_textedit.h">
      <Filter>Header Files</Filter>
    </ClInclude>
    <ClInclude Include="Dependencies\imgui\imstb_truetype.h">
      <Filter>Header Files</Filter>
    </ClInclude>
    <ClInclude Include="Dependencies\GLEW\include\GLEW\eglew.h">
      <Filter>Header Files</Filter>
    </ClInclude>
    <ClInclude Include="Dependencies\GLEW\include\GLEW\glew.h">
      <Filter>Header Files</Filter>
    </ClInclude>
    <ClInclude Include="Dependencies\GLEW\include\GLEW\glxew.h">
      <Filter>Header Files</Filter>
    </ClInclude>
    <ClInclude Include="Dependencies\GLEW\include\GLEW\wglew.h">
      <Filter>Header Files</Filter>
    </ClInclude>
    <ClInclude Include="skengio\AudioSource.h">
      <Filter>Header Files</Filter>
    </ClInclude>
    <ClInclude Include="skengio\utils\geometries\torus.h">
      <Filter>Header Files</Filter>
    </ClInclude>
    <ClInclude Include="skengio\utils\geometries\box.h">
      <Filter>Header Files</Filter>
    </ClInclude>
    <ClInclude Include="skengio\utils\geometries\plane.h">
      <Filter>Header Files</Filter>
    </ClInclude>
    <ClInclude Include="skengio\utils\object.h">
      <Filter>Header Files</Filter>
    </ClInclude>
    <ClInclude Include="skengio\utils\skybox.h">
      <Filter>Header Files</Filter>
    </ClInclude>
    <ClInclude Include="skengio\utils\textureManager.h">
      <Filter>Header Files</Filter>
    </ClInclude>
    <ClInclude Include="skengio\renderParams.h">
      <Filter>Header Files</Filter>
    </ClInclude>
  </ItemGroup>
  <ItemGroup>
    <None Include="shaders\fboshader.vert" />
    <None Include="shaders\fboshader.frag" />
    <None Include="shaders\perlin.glsl" />
    <None Include="shaders\skybox.vert" />
    <None Include="shaders\skybox.frag" />
    <None Include="shaders\materialUniforms.glsl" />
    <None Include="shaders\depthmapDebug.frag" />
    <None Include="shaders\depthmapDebug.vert" />
    <None Include=".gitignore" />
  </ItemGroup>
</Project>